
Microsoft Visual Studio Solution File, Format Version 12.00
# Visual Studio Version 17
VisualStudioVersion = 17.10.35122.118
MinimumVisualStudioVersion = 10.0.40219.1
Project("{FAE04EC0-301F-11D3-BF4B-00C04F79EFBC}") = "Notes", "Notes\Notes.csproj", "{AA87ECED-10AE-4533-9EF8-44DF3222B587}"
EndProject
Global
	GlobalSection(SolutionConfigurationPlatforms) = preSolution
		Debug|Any CPU = Debug|Any CPU
		Release|Any CPU = Release|Any CPU
	EndGlobalSection
	GlobalSection(ProjectConfigurationPlatforms) = postSolution
		{AA87ECED-10AE-4533-9EF8-44DF3222B587}.Debug|Any CPU.ActiveCfg = Debug|Any CPU
		{AA87ECED-10AE-4533-9EF8-44DF3222B587}.Debug|Any CPU.Build.0 = Debug|Any CPU
		{AA87ECED-10AE-4533-9EF8-44DF3222B587}.Release|Any CPU.ActiveCfg = Release|Any CPU
		{AA87ECED-10AE-4533-9EF8-44DF3222B587}.Release|Any CPU.Build.0 = Release|Any CPU
	EndGlobalSection
	GlobalSection(SolutionProperties) = preSolution
		HideSolutionNode = FALSE
	EndGlobalSection
	GlobalSection(ExtensibilityGlobals) = postSolution
		SolutionGuid = {0ECF45F0-8FF7-466A-A483-C0918CB2CE63}
	EndGlobalSection
EndGlobal
